<?xml version="1.0" encoding="utf-8"?>
<Project ToolsVersion="4.0" xmlns="http://schemas.microsoft.com/developer/msbuild/2003">
  <ItemGroup>
    <Filter Include="Source Files">
      <UniqueIdentifier>{4FC737F1-C7A5-4376-A066-2A32D752A2FF}</UniqueIdentifier>
      <Extensions>qml;cpp;c;cc;cxx;def;odl;idl;hpj;bat;asm;asmx</Extensions>
    </Filter>
    <Filter Include="Header Files">
      <UniqueIdentifier>{93995380-89BD-4b04-88EB-625FBE52EBFB}</UniqueIdentifier>
      <Extensions>h;hh;hpp;hxx;hm;inl;inc;xsd</Extensions>
    </Filter>
    <Filter Include="Resource Files">
      <UniqueIdentifier>{67DA6AB6-F800-4c08-8B7A-83BB121AAD01}</UniqueIdentifier>
      <Extensions>qrc;rc;ico;cur;bmp;dlg;rc2;rct;bin;rgs;gif;jpg;jpeg;jpe;resx;tiff;tif;png;wav;mfcribbon-ms</Extensions>
    </Filter>
    <Filter Include="Form Files">
      <UniqueIdentifier>{99349809-55BA-4b9d-BF79-8FDBB0286EB3}</UniqueIdentifier>
      <Extensions>ui</Extensions>
    </Filter>
    <Filter Include="Translation Files">
      <UniqueIdentifier>{639EADAA-A684-42e4-A9AD-28FC9BCB8F7C}</UniqueIdentifier>
      <Extensions>ts</Extensions>
    </Filter>
  </ItemGroup>
  <ItemGroup>
    <ClCompile Include="main.cpp">
      <Filter>Source Files</Filter>
    </ClCompile>
    <ClCompile Include="camera.cpp">
      <Filter>Source Files</Filter>
    </ClCompile>
    <ClCompile Include="framebuffer.cpp">
      <Filter>Source Files</Filter>
    </ClCompile>
    <ClCompile Include="model.cpp">
      <Filter>Source Files</Filter>
    </ClCompile>
    <ClCompile Include="renderer.cpp">
      <Filter>Source Files</Filter>
    </ClCompile>
    <ClCompile Include="rendererApp.cpp">
      <Filter>Source Files</Filter>
    </ClCompile>
    <ClCompile Include="renderPipeline.cpp">
      <Filter>Source Files</Filter>
    </ClCompile>
    <ClCompile Include="Common\geometry.cpp">
      <Filter>Source Files</Filter>
    </ClCompile>
  </ItemGroup>
  <ItemGroup>
    <ClInclude Include="camera.h">
      <Filter>Header Files</Filter>
    </ClInclude>
    <ClInclude Include="framebuffer.h">
      <Filter>Header Files</Filter>
    </ClInclude>
    <ClInclude Include="gameTimer.h">
      <Filter>Header Files</Filter>
    </ClInclude>
    <ClInclude Include="light.h">
      <Filter>Header Files</Filter>
    </ClInclude>
    <ClInclude Include="model.h">
      <Filter>Header Files</Filter>
    </ClInclude>
    <ClInclude Include="renderer.h">
      <Filter>Header Files</Filter>
    </ClInclude>
    <ClInclude Include="renderPipeline.h">
      <Filter>Header Files</Filter>
    </ClInclude>
    <ClInclude Include="ShaderManager.h">
      <Filter>Header Files</Filter>
    </ClInclude>
    <ClInclude Include="ShaderLibrary\IShader.hpp">
      <Filter>Header Files</Filter>
    </ClInclude>
    <ClInclude Include="ShaderLibrary\ShaderCore.hpp">
      <Filter>Header Files</Filter>
    </ClInclude>
    <ClInclude Include="Shaders\AnimShader.hpp">
      <Filter>Header Files</Filter>
    </ClInclude>
    <ClInclude Include="Shaders\ErrorShader.hpp">
      <Filter>Header Files</Filter>
    </ClInclude>
    <ClInclude Include="Shaders\HatchShader.hpp">
      <Filter>Header Files</Filter>
    </ClInclude>
    <ClInclude Include="Shaders\PhongShader.hpp">
      <Filter>Header Files</Filter>
    </ClInclude>
    <ClInclude Include="Shaders\RampShader.hpp">
      <Filter>Header Files</Filter>
    </ClInclude>
    <ClInclude Include="Shaders\ShadowShader.hpp">
      <Filter>Header Files</Filter>
    </ClInclude>
    <ClInclude Include="Common\geometry.h">
      <Filter>Header Files</Filter>
    </ClInclude>
    <ClInclude Include="Common\texture.hpp">
      <Filter>Header Files</Filter>
    </ClInclude>
  </ItemGroup>
  <ItemGroup>
    <QtMoc Include="rendererApp.h">
      <Filter>Header Files</Filter>
    </QtMoc>
  </ItemGroup>
  <ItemGroup>
    <QtRcc Include="rendererApp.qrc">
      <Filter>Resource Files</Filter>
    </QtRcc>
  </ItemGroup>
  <ItemGroup>
    <QtUic Include="rendererApp.ui">
      <Filter>Form Files</Filter>
    </QtUic>
  </ItemGroup>
  <ItemGroup>
    <Image Include="stylesheet templates\QSS_IMG\go-down-symbolic.symbolic.png">
      <Filter>Resource Files</Filter>
    </Image>
    <Image Include="stylesheet templates\QSS_IMG\go-next-symbolic.symbolic.png">
      <Filter>Resource Files</Filter>
    </Image>
    <Image Include="stylesheet templates\QSS_IMG\go-previous-symbolic.symbolic.png">
      <Filter>Resource Files</Filter>
    </Image>
    <Image Include="stylesheet templates\QSS_IMG\go-up-symbolic.symbolic.png">
      <Filter>Resource Files</Filter>
    </Image>
    <Image Include="stylesheet templates\QSS_IMG\object-select-symbolic.symbolic.png">
      <Filter>Resource Files</Filter>
    </Image>
  </ItemGroup>
  <ItemGroup>
    <None Include="stylesheet templates\Ubuntu.qss">
      <Filter>Translation Files</Filter>
    </None>
    <None Include="stylesheet templates\AMOLED.qss">
      <Filter>Translation Files</Filter>
    </None>
    <None Include="stylesheet templates\Aqua.qss">
      <Filter>Translation Files</Filter>
    </None>
    <None Include="stylesheet templates\ConsoleStyle.qss">
      <Filter>Translation Files</Filter>
    </None>
    <None Include="stylesheet templates\ElegantDark.qss">
      <Filter>Translation Files</Filter>
    </None>
    <None Include="stylesheet templates\LICENSE">
      <Filter>Translation Files</Filter>
    </None>
    <None Include="stylesheet templates\MacOS.qss">
      <Filter>Translation Files</Filter>
    </None>
    <None Include="stylesheet templates\ManjaroMix.qss">
      <Filter>Translation Files</Filter>
    </None>
    <None Include="stylesheet templates\MaterialDark.qss">
      <Filter>Translation Files</Filter>
    </None>
    <None Include="stylesheet templates\NeonButtons.qss">
      <Filter>Translation Files</Filter>
    </None>
    <None Include="stylesheet templates\README.md">
      <Filter>Translation Files</Filter>
    </None>
  </ItemGroup>
</Project>